{
    "name": "ltech-copilot-orchestrator",
    "version": "1.0.0",
    "lockfileVersion": 3,
    "requires": true,
    "packages": {
        "": {
            "name": "ltech-copilot-orchestrator",
            "version": "1.0.0",
            "license": "MIT",
            "dependencies": {
                "@modelcontextprotocol/sdk": "^0.5.0",
                "pg": "^8.11.3",
                "redis": "^4.6.0"
            }
        },
        "node_modules/@modelcontextprotocol/sdk": {
            "version": "0.5.0",
            "resolved": "https://registry.npmjs.org/@modelcontextprotocol/sdk/-/sdk-0.5.0.tgz",
            "integrity": "sha512-RXgulUX6ewvxjAG0kOpLMEdXXWkzWgaoCGaA2CwNW7cQCIphjpJhjpHSiaPdVCnisjRF/0Cm9KWHUuIoeiAblQ==",
            "license": "MIT",
            "dependencies": {
                "content-type": "^1.0.5",
                "raw-body": "^3.0.0",
                "zod": "^3.23.8"
            }
        },
        "node_modules/@redis/bloom": {
            "version": "1.2.0",
            "resolved": "https://registry.npmjs.org/@redis/bloom/-/bloom-1.2.0.tgz",
            "integrity": "sha512-HG2DFjYKbpNmVXsa0keLHp/3leGJz1mjh09f2RLGGLQZzSHpkmZWuwJbAvo3QcRY8p80m5+ZdXZdYOSBLlp7Cg==",
            "license": "MIT",
            "peerDependencies": {
                "@redis/client": "^1.0.0"
            }
        },
        "node_modules/@redis/client": {
            "version": "1.6.1",
            "resolved": "https://registry.npmjs.org/@redis/client/-/client-1.6.1.tgz",
            "integrity": "sha512-/KCsg3xSlR+nCK8/8ZYSknYxvXHwubJrU82F3Lm1Fp6789VQ0/3RJKfsmRXjqfaTA++23CvC3hqmqe/2GEt6Kw==",
            "license": "MIT",
            "dependencies": {
                "cluster-key-slot": "1.1.2",
                "generic-pool": "3.9.0",
                "yallist": "4.0.0"
            },
            "engines": {
                "node": ">=14"
            }
        },
        "node_modules/@redis/graph": {
            "version": "1.1.1",
            "resolved": "https://registry.npmjs.org/@redis/graph/-/graph-1.1.1.tgz",
            "integrity": "sha512-FEMTcTHZozZciLRl6GiiIB4zGm5z5F3F6a6FZCyrfxdKOhFlGkiAqlexWMBzCi4DcRoyiOsuLfW+cjlGWyExOw==",
            "license": "MIT",
            "peerDependencies": {
                "@redis/client": "^1.0.0"
            }
        },
        "node_modules/@redis/json": {
            "version": "1.0.7",
            "resolved": "https://registry.npmjs.org/@redis/json/-/json-1.0.7.tgz",
            "integrity": "sha512-6UyXfjVaTBTJtKNG4/9Z8PSpKE6XgSyEb8iwaqDcy+uKrd/DGYHTWkUdnQDyzm727V7p21WUMhsqz5oy65kPcQ==",
            "license": "MIT",
            "peerDependencies": {
                "@redis/client": "^1.0.0"
            }
        },
        "node_modules/@redis/search": {
            "version": "1.2.0",
            "resolved": "https://registry.npmjs.org/@redis/search/-/search-1.2.0.tgz",
            "integrity": "sha512-tYoDBbtqOVigEDMAcTGsRlMycIIjwMCgD8eR2t0NANeQmgK/lvxNAvYyb6bZDD4frHRhIHkJu2TBRvB0ERkOmw==",
            "license": "MIT",
            "peerDependencies": {
                "@redis/client": "^1.0.0"
            }
        },
        "node_modules/@redis/time-series": {
            "version": "1.1.0",
            "resolved": "https://registry.npmjs.org/@redis/time-series/-/time-series-1.1.0.tgz",
            "integrity": "sha512-c1Q99M5ljsIuc4YdaCwfUEXsofakb9c8+Zse2qxTadu8TalLXuAESzLvFAvNVbkmSlvlzIQOLpBCmWI9wTOt+g==",
            "license": "MIT",
            "peerDependencies": {
                "@redis/client": "^1.0.0"
            }
        },
        "node_modules/bytes": {
            "version": "3.1.2",
            "resolved": "https://registry.npmjs.org/bytes/-/bytes-3.1.2.tgz",
            "integrity": "sha512-/Nf7TyzTx6S3yRJObOAV7956r8cr2+Oj8AC5dt8wSP3BQAoeX58NoHyCU8P8zGkNXStjTSi6fzO6F0pBdcYbEg==",
            "license": "MIT",
            "engines": {
                "node": ">= 0.8"
            }
        },
        "node_modules/cluster-key-slot": {
            "version": "1.1.2",
            "resolved": "https://registry.npmjs.org/cluster-key-slot/-/cluster-key-slot-1.1.2.tgz",
            "integrity": "sha512-RMr0FhtfXemyinomL4hrWcYJxmX6deFdCxpJzhDttxgO1+bcCnkk+9drydLVDmAMG7NE6aN/fl4F7ucU/90gAA==",
            "license": "Apache-2.0",
            "engines": {
                "node": ">=0.10.0"
            }
        },
        "node_modules/content-type": {
            "version": "1.0.5",
            "resolved": "https://registry.npmjs.org/content-type/-/content-type-1.0.5.tgz",
            "integrity": "sha512-nTjqfcBFEipKdXCv4YDQWCfmcLZKm81ldF0pAopTvyrFGVbcR6P/VAAd5G7N+0tTr8QqiU0tFadD6FK4NtJwOA==",
            "license": "MIT",
            "engines": {
                "node": ">= 0.6"
            }
        },
        "node_modules/depd": {
            "version": "2.0.0",
            "resolved": "https://registry.npmjs.org/depd/-/depd-2.0.0.tgz",
            "integrity": "sha512-g7nH6P6dyDioJogAAGprGpCtVImJhpPk/roCzdb3fIh61/s/nPsfR6onyMwkCAR/OlC3yBC0lESvUoQEAssIrw==",
            "license": "MIT",
            "engines": {
                "node": ">= 0.8"
            }
        },
        "node_modules/generic-pool": {
            "version": "3.9.0",
            "resolved": "https://registry.npmjs.org/generic-pool/-/generic-pool-3.9.0.tgz",
            "integrity": "sha512-hymDOu5B53XvN4QT9dBmZxPX4CWhBPPLguTZ9MMFeFa/Kg0xWVfylOVNlJji/E7yTZWFd/q9GO5TxDLq156D7g==",
            "license": "MIT",
            "engines": {
                "node": ">= 4"
            }
        },
        "node_modules/http-errors": {
            "version": "2.0.1",
            "resolved": "https://registry.npmjs.org/http-errors/-/http-errors-2.0.1.tgz",
            "integrity": "sha512-4FbRdAX+bSdmo4AUFuS0WNiPz8NgFt+r8ThgNWmlrjQjt1Q7ZR9+zTlce2859x4KSXrwIsaeTqDoKQmtP8pLmQ==",
            "license": "MIT",
            "dependencies": {
                "depd": "~2.0.0",
                "inherits": "~2.0.4",
                "setprototypeof": "~1.2.0",
                "statuses": "~2.0.2",
                "toidentifier": "~1.0.1"
            },
            "engines": {
                "node": ">= 0.8"
            },
            "funding": {
                "type": "opencollective",
                "url": "https://opencollective.com/express"
            }
        },
        "node_modules/iconv-lite": {
            "version": "0.7.1",
            "resolved": "https://registry.npmjs.org/iconv-lite/-/iconv-lite-0.7.1.tgz",
            "integrity": "sha512-2Tth85cXwGFHfvRgZWszZSvdo+0Xsqmw8k8ZwxScfcBneNUraK+dxRxRm24nszx80Y0TVio8kKLt5sLE7ZCLlw==",
            "license": "MIT",
            "dependencies": {
                "safer-buffer": ">= 2.1.2 < 3.0.0"
            },
            "engines": {
                "node": ">=0.10.0"
            },
            "funding": {
                "type": "opencollective",
                "url": "https://opencollective.com/express"
            }
        },
        "node_modules/inherits": {
            "version": "2.0.4",
            "resolved": "https://registry.npmjs.org/inherits/-/inherits-2.0.4.tgz",
            "integrity": "sha512-k/vGaX4/Yla3WzyMCvTQOXYeIHvqOKtnqBduzTHpzpQZzAskKMhZ2K+EnBiSM9zGSoIFeMpXKxa4dYeZIQqewQ==",
            "license": "ISC"
        },
        "node_modules/pg": {
            "version": "8.16.3",
            "resolved": "https://registry.npmjs.org/pg/-/pg-8.16.3.tgz",
            "integrity": "sha512-enxc1h0jA/aq5oSDMvqyW3q89ra6XIIDZgCX9vkMrnz5DFTw/Ny3Li2lFQ+pt3L6MCgm/5o2o8HW9hiJji+xvw==",
            "license": "MIT",
            "dependencies": {
                "pg-connection-string": "^2.9.1",
                "pg-pool": "^3.10.1",
                "pg-protocol": "^1.10.3",
                "pg-types": "2.2.0",
                "pgpass": "1.0.5"
            },
            "engines": {
                "node": ">= 16.0.0"
            },
            "optionalDependencies": {
                "pg-cloudflare": "^1.2.7"
            },
            "peerDependencies": {
                "pg-native": ">=3.0.1"
            },
            "peerDependenciesMeta": {
                "pg-native": {
                    "optional": true
                }
            }
        },
        "node_modules/pg-cloudflare": {
            "version": "1.2.7",
            "resolved": "https://registry.npmjs.org/pg-cloudflare/-/pg-cloudflare-1.2.7.tgz",
            "integrity": "sha512-YgCtzMH0ptvZJslLM1ffsY4EuGaU0cx4XSdXLRFae8bPP4dS5xL1tNB3k2o/N64cHJpwU7dxKli/nZ2lUa5fLg==",
            "license": "MIT",
            "optional": true
        },
        "node_modules/pg-connection-string": {
            "version": "2.9.1",
            "resolved": "https://registry.npmjs.org/pg-connection-string/-/pg-connection-string-2.9.1.tgz",
            "integrity": "sha512-nkc6NpDcvPVpZXxrreI/FOtX3XemeLl8E0qFr6F2Lrm/I8WOnaWNhIPK2Z7OHpw7gh5XJThi6j6ppgNoaT1w4w==",
            "license": "MIT"
        },
        "node_modules/pg-int8": {
            "version": "1.0.1",
            "resolved": "https://registry.npmjs.org/pg-int8/-/pg-int8-1.0.1.tgz",
            "integrity": "sha512-WCtabS6t3c8SkpDBUlb1kjOs7l66xsGdKpIPZsg4wR+B3+u9UAum2odSsF9tnvxg80h4ZxLWMy4pRjOsFIqQpw==",
            "license": "ISC",
            "engines": {
                "node": ">=4.0.0"
            }
        },
        "node_modules/pg-pool": {
            "version": "3.10.1",
            "resolved": "https://registry.npmjs.org/pg-pool/-/pg-pool-3.10.1.tgz",
            "integrity": "sha512-Tu8jMlcX+9d8+QVzKIvM/uJtp07PKr82IUOYEphaWcoBhIYkoHpLXN3qO59nAI11ripznDsEzEv8nUxBVWajGg==",
            "license": "MIT",
            "peerDependencies": {
                "pg": ">=8.0"
            }
        },
        "node_modules/pg-protocol": {
            "version": "1.10.3",
            "resolved": "https://registry.npmjs.org/pg-protocol/-/pg-protocol-1.10.3.tgz",
            "integrity": "sha512-6DIBgBQaTKDJyxnXaLiLR8wBpQQcGWuAESkRBX/t6OwA8YsqP+iVSiond2EDy6Y/dsGk8rh/jtax3js5NeV7JQ==",
            "license": "MIT"
        },
        "node_modules/pg-types": {
            "version": "2.2.0",
            "resolved": "https://registry.npmjs.org/pg-types/-/pg-types-2.2.0.tgz",
            "integrity": "sha512-qTAAlrEsl8s4OiEQY69wDvcMIdQN6wdz5ojQiOy6YRMuynxenON0O5oCpJI6lshc6scgAY8qvJ2On/p+CXY0GA==",
            "license": "MIT",
            "dependencies": {
                "pg-int8": "1.0.1",
                "postgres-array": "~2.0.0",
                "postgres-bytea": "~1.0.0",
                "postgres-date": "~1.0.4",
                "postgres-interval": "^1.1.0"
            },
            "engines": {
                "node": ">=4"
            }
        },
        "node_modules/pgpass": {
            "version": "1.0.5",
            "resolved": "https://registry.npmjs.org/pgpass/-/pgpass-1.0.5.tgz",
            "integrity": "sha512-FdW9r/jQZhSeohs1Z3sI1yxFQNFvMcnmfuj4WBMUTxOrAyLMaTcE1aAMBiTlbMNaXvBCQuVi0R7hd8udDSP7ug==",
            "license": "MIT",
            "dependencies": {
                "split2": "^4.1.0"
            }
        },
        "node_modules/postgres-array": {
            "version": "2.0.0",
            "resolved": "https://registry.npmjs.org/postgres-array/-/postgres-array-2.0.0.tgz",
            "integrity": "sha512-VpZrUqU5A69eQyW2c5CA1jtLecCsN2U/bD6VilrFDWq5+5UIEVO7nazS3TEcHf1zuPYO/sqGvUvW62g86RXZuA==",
            "license": "MIT",
            "engines": {
                "node": ">=4"
            }
        },
        "node_modules/postgres-bytea": {
            "version": "1.0.1",
            "resolved": "https://registry.npmjs.org/postgres-bytea/-/postgres-bytea-1.0.1.tgz",
            "integrity": "sha512-5+5HqXnsZPE65IJZSMkZtURARZelel2oXUEO8rH83VS/hxH5vv1uHquPg5wZs8yMAfdv971IU+kcPUczi7NVBQ==",
            "license": "MIT",
            "engines": {
                "node": ">=0.10.0"
            }
        },
        "node_modules/postgres-date": {
            "version": "1.0.7",
            "resolved": "https://registry.npmjs.org/postgres-date/-/postgres-date-1.0.7.tgz",
            "integrity": "sha512-suDmjLVQg78nMK2UZ454hAG+OAW+HQPZ6n++TNDUX+L0+uUlLywnoxJKDou51Zm+zTCjrCl0Nq6J9C5hP9vK/Q==",
            "license": "MIT",
            "engines": {
                "node": ">=0.10.0"
            }
        },
        "node_modules/postgres-interval": {
            "version": "1.2.0",
            "resolved": "https://registry.npmjs.org/postgres-interval/-/postgres-interval-1.2.0.tgz",
            "integrity": "sha512-9ZhXKM/rw350N1ovuWHbGxnGh/SNJ4cnxHiM0rxE4VN41wsg8P8zWn9hv/buK00RP4WvlOyr/RBDiptyxVbkZQ==",
            "license": "MIT",
            "dependencies": {
                "xtend": "^4.0.0"
            },
            "engines": {
                "node": ">=0.10.0"
            }
        },
        "node_modules/raw-body": {
            "version": "3.0.2",
            "resolved": "https://registry.npmjs.org/raw-body/-/raw-body-3.0.2.tgz",
            "integrity": "sha512-K5zQjDllxWkf7Z5xJdV0/B0WTNqx6vxG70zJE4N0kBs4LovmEYWJzQGxC9bS9RAKu3bgM40lrd5zoLJ12MQ5BA==",
            "license": "MIT",
            "dependencies": {
                "bytes": "~3.1.2",
                "http-errors": "~2.0.1",
                "iconv-lite": "~0.7.0",
                "unpipe": "~1.0.0"
            },
            "engines": {
                "node": ">= 0.10"
            }
        },
        "node_modules/redis": {
            "version": "4.7.1",
            "resolved": "https://registry.npmjs.org/redis/-/redis-4.7.1.tgz",
            "integrity": "sha512-S1bJDnqLftzHXHP8JsT5II/CtHWQrASX5K96REjWjlmWKrviSOLWmM7QnRLstAWsu1VBBV1ffV6DzCvxNP0UJQ==",
            "license": "MIT",
            "workspaces": [
                "./packages/*"
            ],
            "dependencies": {
                "@redis/bloom": "1.2.0",
                "@redis/client": "1.6.1",
                "@redis/graph": "1.1.1",
                "@redis/json": "1.0.7",
                "@redis/search": "1.2.0",
                "@redis/time-series": "1.1.0"
            }
        },
        "node_modules/safer-buffer": {
            "version": "2.1.2",
            "resolved": "https://registry.npmjs.org/safer-buffer/-/safer-buffer-2.1.2.tgz",
            "integrity": "sha512-YZo3K82SD7Riyi0E1EQPojLz7kpepnSQI9IyPbHHg1XXXevb5dJI7tpyN2ADxGcQbHG7vcyRHk0cbwqcQriUtg==",
            "license": "MIT"
        },
        "node_modules/setprototypeof": {
            "version": "1.2.0",
            "resolved": "https://registry.npmjs.org/setprototypeof/-/setprototypeof-1.2.0.tgz",
            "integrity": "sha512-E5LDX7Wrp85Kil5bhZv46j8jOeboKq5JMmYM3gVGdGH8xFpPWXUMsNrlODCrkoxMEeNi/XZIwuRvY4XNwYMJpw==",
            "license": "ISC"
        },
        "node_modules/split2": {
            "version": "4.2.0",
            "resolved": "https://registry.npmjs.org/split2/-/split2-4.2.0.tgz",
            "integrity": "sha512-UcjcJOWknrNkF6PLX83qcHM6KHgVKNkV62Y8a5uYDVv9ydGQVwAHMKqHdJje1VTWpljG0WYpCDhrCdAOYH4TWg==",
            "license": "ISC",
            "engines": {
                "node": ">= 10.x"
            }
        },
        "node_modules/statuses": {
            "version": "2.0.2",
            "resolved": "https://registry.npmjs.org/statuses/-/statuses-2.0.2.tgz",
            "integrity": "sha512-DvEy55V3DB7uknRo+4iOGT5fP1slR8wQohVdknigZPMpMstaKJQWhwiYBACJE3Ul2pTnATihhBYnRhZQHGBiRw==",
            "license": "MIT",
            "engines": {
                "node": ">= 0.8"
            }
        },
        "node_modules/toidentifier": {
            "version": "1.0.1",
            "resolved": "https://registry.npmjs.org/toidentifier/-/toidentifier-1.0.1.tgz",
            "integrity": "sha512-o5sSPKEkg/DIQNmH43V0/uerLrpzVedkUh8tGNvaeXpfpuwjKenlSox/2O/BTlZUtEe+JG7s5YhEz608PlAHRA==",
            "license": "MIT",
            "engines": {
                "node": ">=0.6"
            }
        },
        "node_modules/unpipe": {
            "version": "1.0.0",
            "resolved": "https://registry.npmjs.org/unpipe/-/unpipe-1.0.0.tgz",
            "integrity": "sha512-pjy2bYhSsufwWlKwPc+l3cN7+wuJlK6uz0YdJEOlQDbl6jo/YlPi4mb8agUkVC8BF7V8NuzeyPNqRksA3hztKQ==",
            "license": "MIT",
            "engines": {
                "node": ">= 0.8"
            }
        },
        "node_modules/xtend": {
            "version": "4.0.2",
            "resolved": "https://registry.npmjs.org/xtend/-/xtend-4.0.2.tgz",
            "integrity": "sha512-LKYU1iAXJXUgAXn9URjiu+MWhyUXHsvfp7mcuYm9dSUKK0/CjtrUwFAxD82/mCWbtLsGjFIad0wIsod4zrTAEQ==",
            "license": "MIT",
            "engines": {
                "node": ">=0.4"
            }
        },
        "node_modules/yallist": {
            "version": "4.0.0",
            "resolved": "https://registry.npmjs.org/yallist/-/yallist-4.0.0.tgz",
            "integrity": "sha512-3wdGidZyq5PB084XLES5TpOSRA3wjXAlIWMhum2kRcv/41Sn2emQ0dycQW4uZXLejwKvg6EsvbdlVL+FYEct7A==",
            "license": "ISC"
        },
        "node_modules/zod": {
            "version": "3.25.76",
            "resolved": "https://registry.npmjs.org/zod/-/zod-3.25.76.tgz",
            "integrity": "sha512-gzUt/qt81nXsFGKIFcC3YnfEAx5NkunCfnDlvuBSSFS02bcXu4Lmea0AFIUwbLWxWPx3d9p8S5QoaujKcNQxcQ==",
            "license": "MIT",
            "funding": {
                "url": "https://github.com/sponsors/colinhacks"
            }
        }
    }
}
